// !$*UTF8*$!
{
	archiveVersion = 1;
	classes = {
	};
	objectVersion = 56;
	objects = {

/* Begin PBXBuildFile section */
		88C1A0022BECB41B008DDDDC /* WKWebViewApp.swift in Sources */ = {isa = PBXBuildFile; fileRef = 88C1A0012BECB41B008DDDDC /* WKWebViewApp.swift */; };
		88C1A0042BECB41B008DDDDC /* RootView.swift in Sources */ = {isa = PBXBuildFile; fileRef = 88C1A0032BECB41B008DDDDC /* RootView.swift */; };
		88C1A0062BECB41E008DDDDC /* Assets.xcassets in Resources */ = {isa = PBXBuildFile; fileRef = 88C1A0052BECB41E008DDDDC /* Assets.xcassets */; };
		88C1A0092BECB41E008DDDDC /* Preview Assets.xcassets in Resources */ = {isa = PBXBuildFile; fileRef = 88C1A0082BECB41E008DDDDC /* Preview Assets.xcassets */; };
		88C1A0112BECC778008DDDDC /* ComposableArchitecture in Frameworks */ = {isa = PBXBuildFile; productRef = 88C1A0102BECC778008DDDDC /* ComposableArchitecture */; };
		88C1A0132BECC9C0008DDDDC /* RootReducer.swift in Sources */ = {isa = PBXBuildFile; fileRef = 88C1A0122BECC9C0008DDDDC /* RootReducer.swift */; };
		88C1A0172BECCEBC008DDDDC /* WebScreenView.swift in Sources */ = {isa = PBXBuildFile; fileRef = 88C1A0162BECCEBC008DDDDC /* WebScreenView.swift */; };
		88C1A0192BECCED1008DDDDC /* WebScreenReducer.swift in Sources */ = {isa = PBXBuildFile; fileRef = 88C1A0182BECCED1008DDDDC /* WebScreenReducer.swift */; };
		88C1A01B2BECD3DE008DDDDC /* WebView.swift in Sources */ = {isa = PBXBuildFile; fileRef = 88C1A01A2BECD3DE008DDDDC /* WebView.swift */; };
		88C1A01F2BECD7C2008DDDDC /* LinkService.swift in Sources */ = {isa = PBXBuildFile; fileRef = 88C1A01E2BECD7C2008DDDDC /* LinkService.swift */; };
		88C99BB22BF204E500C2565C /* WebBrowserView.swift in Sources */ = {isa = PBXBuildFile; fileRef = 88C99BB12BF204E500C2565C /* WebBrowserView.swift */; };
		88C99BB42BF204F300C2565C /* WebBrowserViewModel.swift in Sources */ = {isa = PBXBuildFile; fileRef = 88C99BB32BF204F300C2565C /* WebBrowserViewModel.swift */; };
		88C99BB62BF2098700C2565C /* BrowserRootView.swift in Sources */ = {isa = PBXBuildFile; fileRef = 88C99BB52BF2098700C2565C /* BrowserRootView.swift */; };
		88C99BB82BF22E1E00C2565C /* Logger.swift in Sources */ = {isa = PBXBuildFile; fileRef = 88C99BB72BF22E1E00C2565C /* Logger.swift */; };
/* End PBXBuildFile section */

/* Begin PBXFileReference section */
		88C19FFE2BECB41B008DDDDC /* WKWebView.app */ = {isa = PBXFileReference; explicitFileType = wrapper.application; includeInIndex = 0; path = WKWebView.app; sourceTree = BUILT_PRODUCTS_DIR; };
		88C1A0012BECB41B008DDDDC /* WKWebViewApp.swift */ = {isa = PBXFileReference; lastKnownFileType = sourcecode.swift; path = WKWebViewApp.swift; sourceTree = "<group>"; };
		88C1A0032BECB41B008DDDDC /* RootView.swift */ = {isa = PBXFileReference; lastKnownFileType = sourcecode.swift; path = RootView.swift; sourceTree = "<group>"; };
		88C1A0052BECB41E008DDDDC /* Assets.xcassets */ = {isa = PBXFileReference; lastKnownFileType = folder.assetcatalog; path = Assets.xcassets; sourceTree = "<group>"; };
		88C1A0082BECB41E008DDDDC /* Preview Assets.xcassets */ = {isa = PBXFileReference; lastKnownFileType = folder.assetcatalog; path = "Preview Assets.xcassets"; sourceTree = "<group>"; };
		88C1A0122BECC9C0008DDDDC /* RootReducer.swift */ = {isa = PBXFileReference; lastKnownFileType = sourcecode.swift; path = RootReducer.swift; sourceTree = "<group>"; };
		88C1A0162BECCEBC008DDDDC /* WebScreenView.swift */ = {isa = PBXFileReference; lastKnownFileType = sourcecode.swift; path = WebScreenView.swift; sourceTree = "<group>"; };
		88C1A0182BECCED1008DDDDC /* WebScreenReducer.swift */ = {isa = PBXFileReference; lastKnownFileType = sourcecode.swift; path = WebScreenReducer.swift; sourceTree = "<group>"; };
		88C1A01A2BECD3DE008DDDDC /* WebView.swift */ = {isa = PBXFileReference; lastKnownFileType = sourcecode.swift; path = WebView.swift; sourceTree = "<group>"; };
		88C1A01E2BECD7C2008DDDDC /* LinkService.swift */ = {isa = PBXFileReference; lastKnownFileType = sourcecode.swift; path = LinkService.swift; sourceTree = "<group>"; };
		88C1A0202BECF99D008DDDDC /* Info.plist */ = {isa = PBXFileReference; lastKnownFileType = text.plist; path = Info.plist; sourceTree = "<group>"; };
		88C99BB12BF204E500C2565C /* WebBrowserView.swift */ = {isa = PBXFileReference; lastKnownFileType = sourcecode.swift; path = WebBrowserView.swift; sourceTree = "<group>"; };
		88C99BB32BF204F300C2565C /* WebBrowserViewModel.swift */ = {isa = PBXFileReference; lastKnownFileType = sourcecode.swift; path = WebBrowserViewModel.swift; sourceTree = "<group>"; };
		88C99BB52BF2098700C2565C /* BrowserRootView.swift */ = {isa = PBXFileReference; lastKnownFileType = sourcecode.swift; path = BrowserRootView.swift; sourceTree = "<group>"; };
		88C99BB72BF22E1E00C2565C /* Logger.swift */ = {isa = PBXFileReference; lastKnownFileType = sourcecode.swift; path = Logger.swift; sourceTree = "<group>"; };
/* End PBXFileReference section */

/* Begin PBXFrameworksBuildPhase section */
		88C19FFB2BECB41B008DDDDC /* Frameworks */ = {
			isa = PBXFrameworksBuildPhase;
			buildActionMask = 2147483647;
			files = (
				88C1A0112BECC778008DDDDC /* ComposableArchitecture in Frameworks */,
			);
			runOnlyForDeploymentPostprocessing = 0;
		};
/* End PBXFrameworksBuildPhase section */

/* Begin PBXGroup section */
		88C19FF52BECB41B008DDDDC = {
			isa = PBXGroup;
			children = (
				88C1A0002BECB41B008DDDDC /* WKWebView */,
				88C19FFF2BECB41B008DDDDC /* Products */,
			);
			sourceTree = "<group>";
		};
		88C19FFF2BECB41B008DDDDC /* Products */ = {
			isa = PBXGroup;
			children = (
				88C19FFE2BECB41B008DDDDC /* WKWebView.app */,
			);
			name = Products;
			sourceTree = "<group>";
		};
		88C1A0002BECB41B008DDDDC /* WKWebView */ = {
			isa = PBXGroup;
			children = (
				88C1A0202BECF99D008DDDDC /* Info.plist */,
				88C1A0012BECB41B008DDDDC /* WKWebViewApp.swift */,
				88C1A01C2BECD786008DDDDC /* Modules */,
				88C1A0052BECB41E008DDDDC /* Assets.xcassets */,
				88C1A01D2BECD7A4008DDDDC /* Services */,
				88C1A0072BECB41E008DDDDC /* Preview Content */,
			);
			path = WKWebView;
			sourceTree = "<group>";
		};
		88C1A0072BECB41E008DDDDC /* Preview Content */ = {
			isa = PBXGroup;
			children = (
				88C1A0082BECB41E008DDDDC /* Preview Assets.xcassets */,
			);
			path = "Preview Content";
			sourceTree = "<group>";
		};
		88C1A0142BECCE9E008DDDDC /* Root */ = {
			isa = PBXGroup;
			children = (
				88C1A0122BECC9C0008DDDDC /* RootReducer.swift */,
				88C1A0032BECB41B008DDDDC /* RootView.swift */,
				88C99BB52BF2098700C2565C /* BrowserRootView.swift */,
			);
			path = Root;
			sourceTree = "<group>";
		};
		88C1A0152BECCEAD008DDDDC /* WebScreen */ = {
			isa = PBXGroup;
			children = (
				88C1A0162BECCEBC008DDDDC /* WebScreenView.swift */,
				88C1A0182BECCED1008DDDDC /* WebScreenReducer.swift */,
				88C1A01A2BECD3DE008DDDDC /* WebView.swift */,
			);
			path = WebScreen;
			sourceTree = "<group>";
		};
		88C1A01C2BECD786008DDDDC /* Modules */ = {
			isa = PBXGroup;
			children = (
				88C99BB02BF204C500C2565C /* WebBrowserScreen */,
				88C1A0142BECCE9E008DDDDC /* Root */,
				88C1A0152BECCEAD008DDDDC /* WebScreen */,
			);
			path = Modules;
			sourceTree = "<group>";
		};
		88C1A01D2BECD7A4008DDDDC /* Services */ = {
			isa = PBXGroup;
			children = (
				88C1A01E2BECD7C2008DDDDC /* LinkService.swift */,
				88C99BB72BF22E1E00C2565C /* Logger.swift */,
			);
			path = Services;
			sourceTree = "<group>";
		};
		88C99BB02BF204C500C2565C /* WebBrowserScreen */ = {
			isa = PBXGroup;
			children = (
				88C99BB12BF204E500C2565C /* WebBrowserView.swift */,
				88C99BB32BF204F300C2565C /* WebBrowserViewModel.swift */,
			);
			path = WebBrowserScreen;
			sourceTree = "<group>";
		};
/* End PBXGroup section */

/* Begin PBXNativeTarget section */
		88C19FFD2BECB41B008DDDDC /* WKWebView */ = {
			isa = PBXNativeTarget;
			buildConfigurationList = 88C1A00C2BECB41E008DDDDC /* Build configuration list for PBXNativeTarget "WKWebView" */;
			buildPhases = (
				88C19FFA2BECB41B008DDDDC /* Sources */,
				88C19FFB2BECB41B008DDDDC /* Frameworks */,
				88C19FFC2BECB41B008DDDDC /* Resources */,
			);
			buildRules = (
			);
			dependencies = (
			);
			name = WKWebView;
			packageProductDependencies = (
				88C1A0102BECC778008DDDDC /* ComposableArchitecture */,
			);
			productName = WKWebView;
			productReference = 88C19FFE2BECB41B008DDDDC /* WKWebView.app */;
			productType = "com.apple.product-type.application";
		};
/* End PBXNativeTarget section */

/* Begin PBXProject section */
		88C19FF62BECB41B008DDDDC /* Project object */ = {
			isa = PBXProject;
			attributes = {
				BuildIndependentTargetsInParallel = 1;
				LastSwiftUpdateCheck = 1510;
				LastUpgradeCheck = 1510;
				TargetAttributes = {
					88C19FFD2BECB41B008DDDDC = {
						CreatedOnToolsVersion = 15.1;
					};
				};
			};
			buildConfigurationList = 88C19FF92BECB41B008DDDDC /* Build configuration list for PBXProject "WKWebView" */;
			compatibilityVersion = "Xcode 14.0";
			developmentRegion = en;
			hasScannedForEncodings = 0;
			knownRegions = (
				en,
				Base,
			);
			mainGroup = 88C19FF52BECB41B008DDDDC;
			packageReferences = (
				88C1A00F2BECC778008DDDDC /* XCRemoteSwiftPackageReference "swift-composable-architecture" */,
			);
			productRefGroup = 88C19FFF2BECB41B008DDDDC /* Products */;
			projectDirPath = "";
			projectRoot = "";
			targets = (
				88C19FFD2BECB41B008DDDDC /* WKWebView */,
			);
		};
/* End PBXProject section */

/* Begin PBXResourcesBuildPhase section */
		88C19FFC2BECB41B008DDDDC /* Resources */ = {
			isa = PBXResourcesBuildPhase;
			buildActionMask = 2147483647;
			files = (
				88C1A0092BECB41E008DDDDC /* Preview Assets.xcassets in Resources */,
				88C1A0062BECB41E008DDDDC /* Assets.xcassets in Resources */,
			);
			runOnlyForDeploymentPostprocessing = 0;
		};
/* End PBXResourcesBuildPhase section */

/* Begin PBXSourcesBuildPhase section */
		88C19FFA2BECB41B008DDDDC /* Sources */ = {
			isa = PBXSourcesBuildPhase;
			buildActionMask = 2147483647;
			files = (
				88C1A0192BECCED1008DDDDC /* WebScreenReducer.swift in Sources */,
				88C99BB82BF22E1E00C2565C /* Logger.swift in Sources */,
				88C1A01F2BECD7C2008DDDDC /* LinkService.swift in Sources */,
				88C1A0042BECB41B008DDDDC /* RootView.swift in Sources */,
				88C1A0172BECCEBC008DDDDC /* WebScreenView.swift in Sources */,
				88C99BB22BF204E500C2565C /* WebBrowserView.swift in Sources */,
				88C1A01B2BECD3DE008DDDDC /* WebView.swift in Sources */,
				88C1A0132BECC9C0008DDDDC /* RootReducer.swift in Sources */,
				88C99BB42BF204F300C2565C /* WebBrowserViewModel.swift in Sources */,
				88C1A0022BECB41B008DDDDC /* WKWebViewApp.swift in Sources */,
				88C99BB62BF2098700C2565C /* BrowserRootView.swift in Sources */,
			);
			runOnlyForDeploymentPostprocessing = 0;
		};
/* End PBXSourcesBuildPhase section */

/* Begin XCBuildConfiguration section */
		88C1A00A2BECB41E008DDDDC /* Debug */ = {
			isa = XCBuildConfiguration;
			buildSettings = {
				ALWAYS_SEARCH_USER_PATHS = NO;
				ASSETCATALOG_COMPILER_GENERATE_SWIFT_ASSET_SYMBOL_EXTENSIONS = YES;
				CLANG_ANALYZER_NONNULL = YES;
				CLANG_ANALYZER_NUMBER_OBJECT_CONVERSION = YES_AGGRESSIVE;
				CLANG_CXX_LANGUAGE_STANDARD = "gnu++20";
				CLANG_ENABLE_MODULES = YES;
				CLANG_ENABLE_OBJC_ARC = YES;
				CLANG_ENABLE_OBJC_WEAK = YES;
				CLANG_WARN_BLOCK_CAPTURE_AUTORELEASING = YES;
				CLANG_WARN_BOOL_CONVERSION = YES;
				CLANG_WARN_COMMA = YES;
				CLANG_WARN_CONSTANT_CONVERSION = YES;
				CLANG_WARN_DEPRECATED_OBJC_IMPLEMENTATIONS = YES;
				CLANG_WARN_DIRECT_OBJC_ISA_USAGE = YES_ERROR;
				CLANG_WARN_DOCUMENTATION_COMMENTS = YES;
				CLANG_WARN_EMPTY_BODY = YES;
				CLANG_WARN_ENUM_CONVERSION = YES;
				CLANG_WARN_INFINITE_RECURSION = YES;
				CLANG_WARN_INT_CONVERSION = YES;
				CLANG_WARN_NON_LITERAL_NULL_CONVERSION = YES;
				CLANG_WARN_OBJC_IMPLICIT_RETAIN_SELF = YES;
				CLANG_WARN_OBJC_LITERAL_CONVERSION = YES;
				CLANG_WARN_OBJC_ROOT_CLASS = YES_ERROR;
				CLANG_WARN_QUOTED_INCLUDE_IN_FRAMEWORK_HEADER = YES;
				CLANG_WARN_RANGE_LOOP_ANALYSIS = YES;
				CLANG_WARN_STRICT_PROTOTYPES = YES;
				CLANG_WARN_SUSPICIOUS_MOVE = YES;
				CLANG_WARN_UNGUARDED_AVAILABILITY = YES_AGGRESSIVE;
				CLANG_WARN_UNREACHABLE_CODE = YES;
				CLANG_WARN__DUPLICATE_METHOD_MATCH = YES;
				COPY_PHASE_STRIP = NO;
				DEBUG_INFORMATION_FORMAT = dwarf;
				ENABLE_STRICT_OBJC_MSGSEND = YES;
				ENABLE_TESTABILITY = YES;
				ENABLE_USER_SCRIPT_SANDBOXING = YES;
				GCC_C_LANGUAGE_STANDARD = gnu17;
				GCC_DYNAMIC_NO_PIC = NO;
				GCC_NO_COMMON_BLOCKS = YES;
				GCC_OPTIMIZATION_LEVEL = 0;
				GCC_PREPROCESSOR_DEFINITIONS = (
					"DEBUG=1",
					"$(inherited)",
				);
				GCC_WARN_64_TO_32_BIT_CONVERSION = YES;
				GCC_WARN_ABOUT_RETURN_TYPE = YES_ERROR;
				GCC_WARN_UNDECLARED_SELECTOR = YES;
				GCC_WARN_UNINITIALIZED_AUTOS = YES_AGGRESSIVE;
				GCC_WARN_UNUSED_FUNCTION = YES;
				GCC_WARN_UNUSED_VARIABLE = YES;
				IPHONEOS_DEPLOYMENT_TARGET = 17.2;
				LOCALIZATION_PREFERS_STRING_CATALOGS = YES;
				MTL_ENABLE_DEBUG_INFO = INCLUDE_SOURCE;
				MTL_FAST_MATH = YES;
				ONLY_ACTIVE_ARCH = YES;
				SDKROOT = iphoneos;
				SWIFT_ACTIVE_COMPILATION_CONDITIONS = "DEBUG $(inherited)";
				SWIFT_OPTIMIZATION_LEVEL = "-Onone";
			};
			name = Debug;
		};
		88C1A00B2BECB41E008DDDDC /* Release */ = {
			isa = XCBuildConfiguration;
			buildSettings = {
				ALWAYS_SEARCH_USER_PATHS = NO;
				ASSETCATALOG_COMPILER_GENERATE_SWIFT_ASSET_SYMBOL_EXTENSIONS = YES;
				CLANG_ANALYZER_NONNULL = YES;
				CLANG_ANALYZER_NUMBER_OBJECT_CONVERSION = YES_AGGRESSIVE;
				CLANG_CXX_LANGUAGE_STANDARD = "gnu++20";
				CLANG_ENABLE_MODULES = YES;
				CLANG_ENABLE_OBJC_ARC = YES;
				CLANG_ENABLE_OBJC_WEAK = YES;
				CLANG_WARN_BLOCK_CAPTURE_AUTORELEASING = YES;
				CLANG_WARN_BOOL_CONVERSION = YES;
				CLANG_WARN_COMMA = YES;
				CLANG_WARN_CONSTANT_CONVERSION = YES;
				CLANG_WARN_DEPRECATED_OBJC_IMPLEMENTATIONS = YES;
				CLANG_WARN_DIRECT_OBJC_ISA_USAGE = YES_ERROR;
				CLANG_WARN_DOCUMENTATION_COMMENTS = YES;
				CLANG_WARN_EMPTY_BODY = YES;
				CLANG_WARN_ENUM_CONVERSION = YES;
				CLANG_WARN_INFINITE_RECURSION = YES;
				CLANG_WARN_INT_CONVERSION = YES;
				CLANG_WARN_NON_LITERAL_NULL_CONVERSION = YES;
				CLANG_WARN_OBJC_IMPLICIT_RETAIN_SELF = YES;
				CLANG_WARN_OBJC_LITERAL_CONVERSION = YES;
				CLANG_WARN_OBJC_ROOT_CLASS = YES_ERROR;
				CLANG_WARN_QUOTED_INCLUDE_IN_FRAMEWORK_HEADER = YES;
				CLANG_WARN_RANGE_LOOP_ANALYSIS = YES;
				CLANG_WARN_STRICT_PROTOTYPES = YES;
				CLANG_WARN_SUSPICIOUS_MOVE = YES;
				CLANG_WARN_UNGUARDED_AVAILABILITY = YES_AGGRESSIVE;
				CLANG_WARN_UNREACHABLE_CODE = YES;
				CLANG_WARN__DUPLICATE_METHOD_MATCH = YES;
				COPY_PHASE_STRIP = NO;
				DEBUG_INFORMATION_FORMAT = "dwarf-with-dsym";
				ENABLE_NS_ASSERTIONS = NO;
				ENABLE_STRICT_OBJC_MSGSEND = YES;
				ENABLE_USER_SCRIPT_SANDBOXING = YES;
				GCC_C_LANGUAGE_STANDARD = gnu17;
				GCC_NO_COMMON_BLOCKS = YES;
				GCC_WARN_64_TO_32_BIT_CONVERSION = YES;
				GCC_WARN_ABOUT_RETURN_TYPE = YES_ERROR;
				GCC_WARN_UNDECLARED_SELECTOR = YES;
				GCC_WARN_UNINITIALIZED_AUTOS = YES_AGGRESSIVE;
				GCC_WARN_UNUSED_FUNCTION = YES;
				GCC_WARN_UNUSED_VARIABLE = YES;
				IPHONEOS_DEPLOYMENT_TARGET = 17.2;
				LOCALIZATION_PREFERS_STRING_CATALOGS = YES;
				MTL_ENABLE_DEBUG_INFO = NO;
				MTL_FAST_MATH = YES;
				SDKROOT = iphoneos;
				SWIFT_COMPILATION_MODE = wholemodule;
				VALIDATE_PRODUCT = YES;
			};
			name = Release;
		};
		88C1A00D2BECB41E008DDDDC /* Debug */ = {
			isa = XCBuildConfiguration;
			buildSettings = {
				ASSETCATALOG_COMPILER_APPICON_NAME = AppIcon;
				ASSETCATALOG_COMPILER_GLOBAL_ACCENT_COLOR_NAME = AccentColor;
				CODE_SIGN_STYLE = Automatic;
				CURRENT_PROJECT_VERSION = 1;
				DEVELOPMENT_ASSET_PATHS = "\"WKWebView/Preview Content\"";
				DEVELOPMENT_TEAM = 658QW8ZYLB;
				ENABLE_PREVIEWS = YES;
				GENERATE_INFOPLIST_FILE = YES;
				INFOPLIST_FILE = WKWebView/Info.plist;
				INFOPLIST_KEY_CFBundleDisplayName = "";
				INFOPLIST_KEY_LSApplicationCategoryType = "";
				INFOPLIST_KEY_NSHumanReadableCopyright = "";
				INFOPLIST_KEY_UIApplicationSceneManifest_Generation = YES;
				INFOPLIST_KEY_UIApplicationSupportsIndirectInputEvents = YES;
				INFOPLIST_KEY_UILaunchScreen_Generation = YES;
				INFOPLIST_KEY_UISupportedInterfaceOrientations_iPad = "UIInterfaceOrientationPortrait UIInterfaceOrientationPortraitUpsideDown UIInterfaceOrientationLandscapeLeft UIInterfaceOrientationLandscapeRight";
				INFOPLIST_KEY_UISupportedInterfaceOrientations_iPhone = "UIInterfaceOrientationPortrait UIInterfaceOrientationLandscapeLeft UIInterfaceOrientationLandscapeRight";
				IPHONEOS_DEPLOYMENT_TARGET = 16.0;
				LD_RUNPATH_SEARCH_PATHS = (
					"$(inherited)",
					"@executable_path/Frameworks",
				);
				MARKETING_VERSION = 1.0;
				PRODUCT_BUNDLE_IDENTIFIER = com.nataliyalaz.WKWebView;
				PRODUCT_NAME = "$(TARGET_NAME)";
				SWIFT_EMIT_LOC_STRINGS = YES;
				SWIFT_VERSION = 5.0;
				TARGETED_DEVICE_FAMILY = "1,2";
			};
			name = Debug;
		};
		88C1A00E2BECB41E008DDDDC /* Release */ = {
			isa = XCBuildConfiguration;
			buildSettings = {
				ASSETCATALOG_COMPILER_APPICON_NAME = AppIcon;
				ASSETCATALOG_COMPILER_GLOBAL_ACCENT_COLOR_NAME = AccentColor;
				CODE_SIGN_STYLE = Automatic;
				CURRENT_PROJECT_VERSION = 1;
				DEVELOPMENT_ASSET_PATHS = "\"WKWebView/Preview Content\"";
				DEVELOPMENT_TEAM = 658QW8ZYLB;
				ENABLE_PREVIEWS = YES;
				GENERATE_INFOPLIST_FILE = YES;
				INFOPLIST_FILE = WKWebView/Info.plist;
				INFOPLIST_KEY_CFBundleDisplayName = "";
				INFOPLIST_KEY_LSApplicationCategoryType = "";
				INFOPLIST_KEY_NSHumanReadableCopyright = "";
				INFOPLIST_KEY_UIApplicationSceneManifest_Generation = YES;
				INFOPLIST_KEY_UIApplicationSupportsIndirectInputEvents = YES;
				INFOPLIST_KEY_UILaunchScreen_Generation = YES;
				INFOPLIST_KEY_UISupportedInterfaceOrientations_iPad = "UIInterfaceOrientationPortrait UIInterfaceOrientationPortraitUpsideDown UIInterfaceOrientationLandscapeLeft UIInterfaceOrientationLandscapeRight";
				INFOPLIST_KEY_UISupportedInterfaceOrientations_iPhone = "UIInterfaceOrientationPortrait UIInterfaceOrientationLandscapeLeft UIInterfaceOrientationLandscapeRight";
				IPHONEOS_DEPLOYMENT_TARGET = 16.0;
				LD_RUNPATH_SEARCH_PATHS = (
					"$(inherited)",
					"@executable_path/Frameworks",
				);
				MARKETING_VERSION = 1.0;
				PRODUCT_BUNDLE_IDENTIFIER = com.nataliyalaz.WKWebView;
				PRODUCT_NAME = "$(TARGET_NAME)";
				SWIFT_EMIT_LOC_STRINGS = YES;
				SWIFT_VERSION = 5.0;
				TARGETED_DEVICE_FAMILY = "1,2";
			};
			name = Release;
		};
/* End XCBuildConfiguration section */

/* Begin XCConfigurationList section */
		88C19FF92BECB41B008DDDDC /* Build configuration list for PBXProject "WKWebView" */ = {
			isa = XCConfigurationList;
			buildConfigurations = (
				88C1A00A2BECB41E008DDDDC /* Debug */,
				88C1A00B2BECB41E008DDDDC /* Release */,
			);
			defaultConfigurationIsVisible = 0;
			defaultConfigurationName = Release;
		};
		88C1A00C2BECB41E008DDDDC /* Build configuration list for PBXNativeTarget "WKWebView" */ = {
			isa = XCConfigurationList;
			buildConfigurations = (
				88C1A00D2BECB41E008DDDDC /* Debug */,
				88C1A00E2BECB41E008DDDDC /* Release */,
			);
			defaultConfigurationIsVisible = 0;
			defaultConfigurationName = Release;
		};
/* End XCConfigurationList section */

/* Begin XCRemoteSwiftPackageReference section */
		88C1A00F2BECC778008DDDDC /* XCRemoteSwiftPackageReference "swift-composable-architecture" */ = {
			isa = XCRemoteSwiftPackageReference;
			repositoryURL = "https://github.com/pointfreeco/swift-composable-architecture.git";
			requirement = {
				kind = exactVersion;
				version = 1.9.2;
			};
		};
/* End XCRemoteSwiftPackageReference section */

/* Begin XCSwiftPackageProductDependency section */
		88C1A0102BECC778008DDDDC /* ComposableArchitecture */ = {
			isa = XCSwiftPackageProductDependency;
			package = 88C1A00F2BECC778008DDDDC /* XCRemoteSwiftPackageReference "swift-composable-architecture" */;
			productName = ComposableArchitecture;
		};
/* End XCSwiftPackageProductDependency section */
	};
	rootObject = 88C19FF62BECB41B008DDDDC /* Project object */;
}
